
Microsoft Visual Studio Solution File, Format Version 12.00
# Visual Studio 15
VisualStudioVersion = 15.0.26124.0
MinimumVisualStudioVersion = 15.0.26124.0
Project("{FAE04EC0-301F-11D3-BF4B-00C04F79EFBC}") = "api", "api\api.csproj", "{C5BE8741-B4EC-43A6-A7AD-185DABA05E1D}"
EndProject
Project("{FAE04EC0-301F-11D3-BF4B-00C04F79EFBC}") = "test", "test\test.csproj", "{C3129186-6DC4-4FB9-A08D-B1AD238B3602}"
EndProject
Global
	GlobalSection(SolutionConfigurationPlatforms) = preSolution
		Debug|Any CPU = Debug|Any CPU
		Debug|x64 = Debug|x64
		Debug|x86 = Debug|x86
		Release|Any CPU = Release|Any CPU
		Release|x64 = Release|x64
		Release|x86 = Release|x86
	EndGlobalSection
	GlobalSection(SolutionProperties) = preSolution
		HideSolutionNode = FALSE
	EndGlobalSection
	GlobalSection(ProjectConfigurationPlatforms) = postSolution
		{C5BE8741-B4EC-43A6-A7AD-185DABA05E1D}.Debug|Any CPU.ActiveCfg = Debug|Any CPU
		{C5BE8741-B4EC-43A6-A7AD-185DABA05E1D}.Debug|Any CPU.Build.0 = Debug|Any CPU
		{C5BE8741-B4EC-43A6-A7AD-185DABA05E1D}.Debug|x64.ActiveCfg = Debug|Any CPU
		{C5BE8741-B4EC-43A6-A7AD-185DABA05E1D}.Debug|x64.Build.0 = Debug|Any CPU
		{C5BE8741-B4EC-43A6-A7AD-185DABA05E1D}.Debug|x86.ActiveCfg = Debug|Any CPU
		{C5BE8741-B4EC-43A6-A7AD-185DABA05E1D}.Debug|x86.Build.0 = Debug|Any CPU
		{C5BE8741-B4EC-43A6-A7AD-185DABA05E1D}.Release|Any CPU.ActiveCfg = Release|Any CPU
		{C5BE8741-B4EC-43A6-A7AD-185DABA05E1D}.Release|Any CPU.Build.0 = Release|Any CPU
		{C5BE8741-B4EC-43A6-A7AD-185DABA05E1D}.Release|x64.ActiveCfg = Release|Any CPU
		{C5BE8741-B4EC-43A6-A7AD-185DABA05E1D}.Release|x64.Build.0 = Release|Any CPU
		{C5BE8741-B4EC-43A6-A7AD-185DABA05E1D}.Release|x86.ActiveCfg = Release|Any CPU
		{C5BE8741-B4EC-43A6-A7AD-185DABA05E1D}.Release|x86.Build.0 = Release|Any CPU
		{C3129186-6DC4-4FB9-A08D-B1AD238B3602}.Debug|Any CPU.ActiveCfg = Debug|Any CPU
		{C3129186-6DC4-4FB9-A08D-B1AD238B3602}.Debug|Any CPU.Build.0 = Debug|Any CPU
		{C3129186-6DC4-4FB9-A08D-B1AD238B3602}.Debug|x64.ActiveCfg = Debug|Any CPU
		{C3129186-6DC4-4FB9-A08D-B1AD238B3602}.Debug|x64.Build.0 = Debug|Any CPU
		{C3129186-6DC4-4FB9-A08D-B1AD238B3602}.Debug|x86.ActiveCfg = Debug|Any CPU
		{C3129186-6DC4-4FB9-A08D-B1AD238B3602}.Debug|x86.Build.0 = Debug|Any CPU
		{C3129186-6DC4-4FB9-A08D-B1AD238B3602}.Release|Any CPU.ActiveCfg = Release|Any CPU
		{C3129186-6DC4-4FB9-A08D-B1AD238B3602}.Release|Any CPU.Build.0 = Release|Any CPU
		{C3129186-6DC4-4FB9-A08D-B1AD238B3602}.Release|x64.ActiveCfg = Release|Any CPU
		{C3129186-6DC4-4FB9-A08D-B1AD238B3602}.Release|x64.Build.0 = Release|Any CPU
		{C3129186-6DC4-4FB9-A08D-B1AD238B3602}.Release|x86.ActiveCfg = Release|Any CPU
		{C3129186-6DC4-4FB9-A08D-B1AD238B3602}.Release|x86.Build.0 = Release|Any CPU
	EndGlobalSection
EndGlobal
